# This file is automatically @generated by Cargo.
# It is not intended for manual editing.
version = 3

[[package]]
name = "anyhow"
version = "1.0.69"
source = "registry+https://github.com/rust-lang/crates.io-index"
checksum = "224afbd727c3d6e4b90103ece64b8d1b67fbb1973b1046c2281eed3f3803f800"

[[package]]
name = "atoi"
version = "2.0.0"
source = "registry+https://github.com/rust-lang/crates.io-index"
checksum = "f28d99ec8bfea296261ca1af174f24225171fea9664ba9003cbebee704810528"
dependencies = [
 "num-traits",
]

[[package]]
name = "autocfg"
version = "1.1.0"
source = "registry+https://github.com/rust-lang/crates.io-index"
checksum = "d468802bab17cbc0cc575e9b053f41e72aa36bfa6b7f55e3529ffa43161b97fa"

[[package]]
name = "day01a"
version = "0.1.0"

[[package]]
name = "day01b"
version = "0.1.0"

[[package]]
name = "day02a"
version = "0.1.0"
dependencies = [
 "anyhow",
]

[[package]]
name = "day02b"
version = "0.1.0"
dependencies = [
 "anyhow",
]

[[package]]
name = "day03a"
version = "0.1.0"
dependencies = [
 "anyhow",
]

[[package]]
name = "day03b"
version = "0.1.0"
dependencies = [
 "anyhow",
]

[[package]]
name = "day04a"
version = "0.1.0"
dependencies = [
 "anyhow",
]

[[package]]
name = "day04b"
version = "0.1.0"
dependencies = [
 "anyhow",
]

[[package]]
name = "day05a"
version = "0.1.0"
dependencies = [
 "anyhow",
]

[[package]]
name = "day05b"
version = "0.1.0"
dependencies = [
 "anyhow",
]

[[package]]
name = "day06a"
version = "0.1.0"
dependencies = [
 "anyhow",
]

[[package]]
name = "day06b"
version = "0.1.0"
dependencies = [
 "anyhow",
]

[[package]]
name = "day07a"
version = "0.1.0"
dependencies = [
 "anyhow",
 "atoi",
]

[[package]]
name = "day07b"
version = "0.1.0"
dependencies = [
 "anyhow",
 "atoi",
]

[[package]]
name = "day08a"
version = "0.1.0"
dependencies = [
 "anyhow",
 "atoi",
]

[[package]]
name = "day08b"
version = "0.1.0"
dependencies = [
 "anyhow",
 "atoi",
]

[[package]]
name = "num-traits"
version = "0.2.15"
source = "registry+https://github.com/rust-lang/crates.io-index"
checksum = "578ede34cf02f8924ab9447f50c28075b4d3e5b269972345e7e0372b38c6cdcd"
dependencies = [
 "autocfg",
]
